
Microsoft Visual Studio Solution File, Format Version 12.00
# Visual Studio Version 16
VisualStudioVersion = 16.0.29911.84
MinimumVisualStudioVersion = 10.0.40219.1
Project("{9A19103F-16F7-4668-BE54-9A1E7A4F7556}") = "MTG-Surveil", "MTG-Surveil\MTG-Surveil.csproj", "{43680E00-8205-4D45-9151-E399BC9527D2}"
EndProject
Project("{FAE04EC0-301F-11D3-BF4B-00C04F79EFBC}") = "MTG-DatabaseHelper", "MTG-DatabaseHelper\MTG-DatabaseHelper.csproj", "{8357D63C-8725-42E5-9AA0-4195B3033B29}"
EndProject
Global
	GlobalSection(SolutionConfigurationPlatforms) = preSolution
		Debug|Any CPU = Debug|Any CPU
		Release|Any CPU = Release|Any CPU
	EndGlobalSection
	GlobalSection(ProjectConfigurationPlatforms) = postSolution
		{43680E00-8205-4D45-9151-E399BC9527D2}.Debug|Any CPU.ActiveCfg = Debug|Any CPU
		{43680E00-8205-4D45-9151-E399BC9527D2}.Debug|Any CPU.Build.0 = Debug|Any CPU
		{43680E00-8205-4D45-9151-E399BC9527D2}.Release|Any CPU.ActiveCfg = Release|Any CPU
		{43680E00-8205-4D45-9151-E399BC9527D2}.Release|Any CPU.Build.0 = Release|Any CPU
		{8357D63C-8725-42E5-9AA0-4195B3033B29}.Debug|Any CPU.ActiveCfg = Debug|Any CPU
		{8357D63C-8725-42E5-9AA0-4195B3033B29}.Debug|Any CPU.Build.0 = Debug|Any CPU
		{8357D63C-8725-42E5-9AA0-4195B3033B29}.Release|Any CPU.ActiveCfg = Release|Any CPU
		{8357D63C-8725-42E5-9AA0-4195B3033B29}.Release|Any CPU.Build.0 = Release|Any CPU
	EndGlobalSection
	GlobalSection(SolutionProperties) = preSolution
		HideSolutionNode = FALSE
	EndGlobalSection
	GlobalSection(ExtensibilityGlobals) = postSolution
		SolutionGuid = {8F1650AC-77C8-4C23-9524-750FCA3487BF}
	EndGlobalSection
EndGlobal
