
Microsoft Visual Studio Solution File, Format Version 12.00
# Visual Studio Version 16
VisualStudioVersion = 16.0.29519.87
MinimumVisualStudioVersion = 10.0.40219.1
Project("{FAE04EC0-301F-11D3-BF4B-00C04F79EFBC}") = "MTG-Surveil", "MTG-Surveil\MTG-Surveil.csproj", "{1A0C2031-5212-4680-B21B-F5CD68312305}"
EndProject
Global
	GlobalSection(SolutionConfigurationPlatforms) = preSolution
		Debug|Any CPU = Debug|Any CPU
		Release|Any CPU = Release|Any CPU
	EndGlobalSection
	GlobalSection(ProjectConfigurationPlatforms) = postSolution
		{1A0C2031-5212-4680-B21B-F5CD68312305}.Debug|Any CPU.ActiveCfg = Debug|Any CPU
		{1A0C2031-5212-4680-B21B-F5CD68312305}.Debug|Any CPU.Build.0 = Debug|Any CPU
		{1A0C2031-5212-4680-B21B-F5CD68312305}.Release|Any CPU.ActiveCfg = Release|Any CPU
		{1A0C2031-5212-4680-B21B-F5CD68312305}.Release|Any CPU.Build.0 = Release|Any CPU
	EndGlobalSection
	GlobalSection(SolutionProperties) = preSolution
		HideSolutionNode = FALSE
	EndGlobalSection
	GlobalSection(ExtensibilityGlobals) = postSolution
		SolutionGuid = {3992618F-9499-48F2-95AD-C4BC93EB8B39}
	EndGlobalSection
EndGlobal
